
Microsoft Visual Studio Solution File, Format Version 12.00
# Visual Studio 15
VisualStudioVersion = 15.0.26430.13
MinimumVisualStudioVersion = 10.0.40219.1
Project("{FAE04EC0-301F-11D3-BF4B-00C04F79EFBC}") = "MyStack", "MyStack\MyStack.csproj", "{6DE78815-89B2-411F-A974-2C18D04318B9}"
EndProject
Project("{FAE04EC0-301F-11D3-BF4B-00C04F79EFBC}") = "UnitTest", "UnitTest\UnitTest.csproj", "{923D9388-C331-4AC7-AE04-0E6C2FCCF033}"
EndProject
Global
	GlobalSection(SolutionConfigurationPlatforms) = preSolution
		Debug|Any CPU = Debug|Any CPU
		Release|Any CPU = Release|Any CPU
	EndGlobalSection
	GlobalSection(ProjectConfigurationPlatforms) = postSolution
		{6DE78815-89B2-411F-A974-2C18D04318B9}.Debug|Any CPU.ActiveCfg = Debug|Any CPU
		{6DE78815-89B2-411F-A974-2C18D04318B9}.Debug|Any CPU.Build.0 = Debug|Any CPU
		{6DE78815-89B2-411F-A974-2C18D04318B9}.Release|Any CPU.ActiveCfg = Release|Any CPU
		{6DE78815-89B2-411F-A974-2C18D04318B9}.Release|Any CPU.Build.0 = Release|Any CPU
		{923D9388-C331-4AC7-AE04-0E6C2FCCF033}.Debug|Any CPU.ActiveCfg = Debug|Any CPU
		{923D9388-C331-4AC7-AE04-0E6C2FCCF033}.Debug|Any CPU.Build.0 = Debug|Any CPU
		{923D9388-C331-4AC7-AE04-0E6C2FCCF033}.Release|Any CPU.ActiveCfg = Release|Any CPU
		{923D9388-C331-4AC7-AE04-0E6C2FCCF033}.Release|Any CPU.Build.0 = Release|Any CPU
	EndGlobalSection
	GlobalSection(SolutionProperties) = preSolution
		HideSolutionNode = FALSE
	EndGlobalSection
EndGlobal
