
Microsoft Visual Studio Solution File, Format Version 12.00
# Visual Studio 15
VisualStudioVersion = 15.0.26430.13
MinimumVisualStudioVersion = 10.0.40219.1
Project("{FAE04EC0-301F-11D3-BF4B-00C04F79EFBC}") = "BracketsPositionValidation", "BracketsPositionValidation\BracketsPositionValidation.csproj", "{418550C9-6AE8-41DF-805A-18FE30009DC1}"
EndProject
Project("{FAE04EC0-301F-11D3-BF4B-00C04F79EFBC}") = "BracketsPositionValidatorTest", "BracketsPositionValidatorTest\BracketsPositionValidatorTest.csproj", "{519044BF-728A-47B7-803E-EB935A96EF7E}"
EndProject
Global
	GlobalSection(SolutionConfigurationPlatforms) = preSolution
		Debug|Any CPU = Debug|Any CPU
		Release|Any CPU = Release|Any CPU
	EndGlobalSection
	GlobalSection(ProjectConfigurationPlatforms) = postSolution
		{418550C9-6AE8-41DF-805A-18FE30009DC1}.Debug|Any CPU.ActiveCfg = Debug|Any CPU
		{418550C9-6AE8-41DF-805A-18FE30009DC1}.Debug|Any CPU.Build.0 = Debug|Any CPU
		{418550C9-6AE8-41DF-805A-18FE30009DC1}.Release|Any CPU.ActiveCfg = Release|Any CPU
		{418550C9-6AE8-41DF-805A-18FE30009DC1}.Release|Any CPU.Build.0 = Release|Any CPU
		{519044BF-728A-47B7-803E-EB935A96EF7E}.Debug|Any CPU.ActiveCfg = Debug|Any CPU
		{519044BF-728A-47B7-803E-EB935A96EF7E}.Debug|Any CPU.Build.0 = Debug|Any CPU
		{519044BF-728A-47B7-803E-EB935A96EF7E}.Release|Any CPU.ActiveCfg = Release|Any CPU
		{519044BF-728A-47B7-803E-EB935A96EF7E}.Release|Any CPU.Build.0 = Release|Any CPU
	EndGlobalSection
	GlobalSection(SolutionProperties) = preSolution
		HideSolutionNode = FALSE
	EndGlobalSection
EndGlobal
