
Microsoft Visual Studio Solution File, Format Version 12.00
# Visual Studio 14
VisualStudioVersion = 14.0.25420.1
MinimumVisualStudioVersion = 10.0.40219.1
Project("{FAE04EC0-301F-11D3-BF4B-00C04F79EFBC}") = "Task1", "Task1\Task1.csproj", "{E8477613-1881-423B-B5DE-FED6DEE88B5B}"
EndProject
Project("{FAE04EC0-301F-11D3-BF4B-00C04F79EFBC}") = "Task1.Tests", "Task1.Tests\Task1.Tests.csproj", "{D6A1132D-3D5A-428A-9034-A50472AD5FAE}"
EndProject
Project("{FAE04EC0-301F-11D3-BF4B-00C04F79EFBC}") = "Task2", "Task2\Task2.csproj", "{8B68EC48-E45B-43EC-98B8-F30305E25B53}"
EndProject
Project("{FAE04EC0-301F-11D3-BF4B-00C04F79EFBC}") = "Task3", "Task3\Task3.csproj", "{F788C8A5-C9A8-4689-95AC-48769A574575}"
EndProject
Global
	GlobalSection(SolutionConfigurationPlatforms) = preSolution
		Debug|Any CPU = Debug|Any CPU
		Release|Any CPU = Release|Any CPU
	EndGlobalSection
	GlobalSection(ProjectConfigurationPlatforms) = postSolution
		{E8477613-1881-423B-B5DE-FED6DEE88B5B}.Debug|Any CPU.ActiveCfg = Debug|Any CPU
		{E8477613-1881-423B-B5DE-FED6DEE88B5B}.Debug|Any CPU.Build.0 = Debug|Any CPU
		{E8477613-1881-423B-B5DE-FED6DEE88B5B}.Release|Any CPU.ActiveCfg = Release|Any CPU
		{E8477613-1881-423B-B5DE-FED6DEE88B5B}.Release|Any CPU.Build.0 = Release|Any CPU
		{D6A1132D-3D5A-428A-9034-A50472AD5FAE}.Debug|Any CPU.ActiveCfg = Debug|Any CPU
		{D6A1132D-3D5A-428A-9034-A50472AD5FAE}.Debug|Any CPU.Build.0 = Debug|Any CPU
		{D6A1132D-3D5A-428A-9034-A50472AD5FAE}.Release|Any CPU.ActiveCfg = Release|Any CPU
		{D6A1132D-3D5A-428A-9034-A50472AD5FAE}.Release|Any CPU.Build.0 = Release|Any CPU
		{8B68EC48-E45B-43EC-98B8-F30305E25B53}.Debug|Any CPU.ActiveCfg = Debug|Any CPU
		{8B68EC48-E45B-43EC-98B8-F30305E25B53}.Debug|Any CPU.Build.0 = Debug|Any CPU
		{8B68EC48-E45B-43EC-98B8-F30305E25B53}.Release|Any CPU.ActiveCfg = Release|Any CPU
		{8B68EC48-E45B-43EC-98B8-F30305E25B53}.Release|Any CPU.Build.0 = Release|Any CPU
		{F788C8A5-C9A8-4689-95AC-48769A574575}.Debug|Any CPU.ActiveCfg = Debug|Any CPU
		{F788C8A5-C9A8-4689-95AC-48769A574575}.Debug|Any CPU.Build.0 = Debug|Any CPU
		{F788C8A5-C9A8-4689-95AC-48769A574575}.Release|Any CPU.ActiveCfg = Release|Any CPU
		{F788C8A5-C9A8-4689-95AC-48769A574575}.Release|Any CPU.Build.0 = Release|Any CPU
	EndGlobalSection
	GlobalSection(SolutionProperties) = preSolution
		HideSolutionNode = FALSE
	EndGlobalSection
EndGlobal
