
Microsoft Visual Studio Solution File, Format Version 12.00
# Visual Studio 15
VisualStudioVersion = 15.0.27004.2010
MinimumVisualStudioVersion = 10.0.40219.1
Project("{FAE04EC0-301F-11D3-BF4B-00C04F79EFBC}") = "StackProject", "StackProject\StackProject.csproj", "{91CFA409-888B-4244-8D96-7EC041526956}"
EndProject
Project("{FAE04EC0-301F-11D3-BF4B-00C04F79EFBC}") = "StackProject.Tests", "..\StackProject.Tests\StackProject.Tests.csproj", "{3461370B-914B-4317-B8F1-B6230A3269F9}"
EndProject
Global
	GlobalSection(SolutionConfigurationPlatforms) = preSolution
		Debug|Any CPU = Debug|Any CPU
		Release|Any CPU = Release|Any CPU
	EndGlobalSection
	GlobalSection(ProjectConfigurationPlatforms) = postSolution
		{91CFA409-888B-4244-8D96-7EC041526956}.Debug|Any CPU.ActiveCfg = Debug|Any CPU
		{91CFA409-888B-4244-8D96-7EC041526956}.Debug|Any CPU.Build.0 = Debug|Any CPU
		{91CFA409-888B-4244-8D96-7EC041526956}.Release|Any CPU.ActiveCfg = Release|Any CPU
		{91CFA409-888B-4244-8D96-7EC041526956}.Release|Any CPU.Build.0 = Release|Any CPU
		{3461370B-914B-4317-B8F1-B6230A3269F9}.Debug|Any CPU.ActiveCfg = Debug|Any CPU
		{3461370B-914B-4317-B8F1-B6230A3269F9}.Debug|Any CPU.Build.0 = Debug|Any CPU
		{3461370B-914B-4317-B8F1-B6230A3269F9}.Release|Any CPU.ActiveCfg = Release|Any CPU
		{3461370B-914B-4317-B8F1-B6230A3269F9}.Release|Any CPU.Build.0 = Release|Any CPU
	EndGlobalSection
	GlobalSection(SolutionProperties) = preSolution
		HideSolutionNode = FALSE
	EndGlobalSection
	GlobalSection(ExtensibilityGlobals) = postSolution
		SolutionGuid = {60FB4B2C-197C-4DEC-93D1-BDDF0B816CC9}
	EndGlobalSection
EndGlobal
