
Microsoft Visual Studio Solution File, Format Version 12.00
# Visual Studio 15
VisualStudioVersion = 15.0.27004.2010
MinimumVisualStudioVersion = 10.0.40219.1
Project("{FAE04EC0-301F-11D3-BF4B-00C04F79EFBC}") = "ComplexNumbers", "ComplexNumbers.csproj", "{EA649322-99BF-4CD0-B43C-28FCDCDE1E53}"
EndProject
Project("{FAE04EC0-301F-11D3-BF4B-00C04F79EFBC}") = "ComplexNumbers.Tests", "..\ComplexNumbers.Tests\ComplexNumbers.Tests.csproj", "{767965BE-162A-46F1-949B-3F03A881CFAF}"
EndProject
Global
	GlobalSection(SolutionConfigurationPlatforms) = preSolution
		Debug|Any CPU = Debug|Any CPU
		Release|Any CPU = Release|Any CPU
	EndGlobalSection
	GlobalSection(ProjectConfigurationPlatforms) = postSolution
		{EA649322-99BF-4CD0-B43C-28FCDCDE1E53}.Debug|Any CPU.ActiveCfg = Debug|Any CPU
		{EA649322-99BF-4CD0-B43C-28FCDCDE1E53}.Debug|Any CPU.Build.0 = Debug|Any CPU
		{EA649322-99BF-4CD0-B43C-28FCDCDE1E53}.Release|Any CPU.ActiveCfg = Release|Any CPU
		{EA649322-99BF-4CD0-B43C-28FCDCDE1E53}.Release|Any CPU.Build.0 = Release|Any CPU
		{767965BE-162A-46F1-949B-3F03A881CFAF}.Debug|Any CPU.ActiveCfg = Debug|Any CPU
		{767965BE-162A-46F1-949B-3F03A881CFAF}.Debug|Any CPU.Build.0 = Debug|Any CPU
		{767965BE-162A-46F1-949B-3F03A881CFAF}.Release|Any CPU.ActiveCfg = Release|Any CPU
		{767965BE-162A-46F1-949B-3F03A881CFAF}.Release|Any CPU.Build.0 = Release|Any CPU
	EndGlobalSection
	GlobalSection(SolutionProperties) = preSolution
		HideSolutionNode = FALSE
	EndGlobalSection
	GlobalSection(ExtensibilityGlobals) = postSolution
		SolutionGuid = {483D906B-003B-4518-8101-AC433BC723A9}
	EndGlobalSection
EndGlobal
