
Microsoft Visual Studio Solution File, Format Version 12.00
# Visual Studio 15
VisualStudioVersion = 15.0.26430.13
MinimumVisualStudioVersion = 10.0.40219.1
Project("{FAE04EC0-301F-11D3-BF4B-00C04F79EFBC}") = "CheckParentheses", "checkParentheses\CheckParentheses.csproj", "{CD768BB9-0598-4141-AB73-C37ECCC5D57D}"
EndProject
Project("{FAE04EC0-301F-11D3-BF4B-00C04F79EFBC}") = "UnitTest", "UnitTest\UnitTest.csproj", "{F84D156C-DB0C-416E-8344-06FF168A0DA5}"
EndProject
Global
	GlobalSection(SolutionConfigurationPlatforms) = preSolution
		Debug|Any CPU = Debug|Any CPU
		Release|Any CPU = Release|Any CPU
	EndGlobalSection
	GlobalSection(ProjectConfigurationPlatforms) = postSolution
		{CD768BB9-0598-4141-AB73-C37ECCC5D57D}.Debug|Any CPU.ActiveCfg = Debug|Any CPU
		{CD768BB9-0598-4141-AB73-C37ECCC5D57D}.Debug|Any CPU.Build.0 = Debug|Any CPU
		{CD768BB9-0598-4141-AB73-C37ECCC5D57D}.Release|Any CPU.ActiveCfg = Release|Any CPU
		{CD768BB9-0598-4141-AB73-C37ECCC5D57D}.Release|Any CPU.Build.0 = Release|Any CPU
		{F84D156C-DB0C-416E-8344-06FF168A0DA5}.Debug|Any CPU.ActiveCfg = Debug|Any CPU
		{F84D156C-DB0C-416E-8344-06FF168A0DA5}.Debug|Any CPU.Build.0 = Debug|Any CPU
		{F84D156C-DB0C-416E-8344-06FF168A0DA5}.Release|Any CPU.ActiveCfg = Release|Any CPU
		{F84D156C-DB0C-416E-8344-06FF168A0DA5}.Release|Any CPU.Build.0 = Release|Any CPU
	EndGlobalSection
	GlobalSection(SolutionProperties) = preSolution
		HideSolutionNode = FALSE
	EndGlobalSection
EndGlobal
