
Microsoft Visual Studio Solution File, Format Version 12.00
# Visual Studio 15
VisualStudioVersion = 15.0.26430.13
MinimumVisualStudioVersion = 10.0.40219.1
Project("{FAE04EC0-301F-11D3-BF4B-00C04F79EFBC}") = "TaskStack", "TaskStack\TaskStack.csproj", "{CCF9C781-B806-4809-8F72-B4E47E44599B}"
EndProject
Project("{FAE04EC0-301F-11D3-BF4B-00C04F79EFBC}") = "UnitTestProject", "UnitTestProject1\UnitTestProject.csproj", "{4AD49578-16A2-4FFF-A6A1-04F76968A101}"
EndProject
Global
	GlobalSection(SolutionConfigurationPlatforms) = preSolution
		Debug|Any CPU = Debug|Any CPU
		Release|Any CPU = Release|Any CPU
	EndGlobalSection
	GlobalSection(ProjectConfigurationPlatforms) = postSolution
		{CCF9C781-B806-4809-8F72-B4E47E44599B}.Debug|Any CPU.ActiveCfg = Debug|Any CPU
		{CCF9C781-B806-4809-8F72-B4E47E44599B}.Debug|Any CPU.Build.0 = Debug|Any CPU
		{CCF9C781-B806-4809-8F72-B4E47E44599B}.Release|Any CPU.ActiveCfg = Release|Any CPU
		{CCF9C781-B806-4809-8F72-B4E47E44599B}.Release|Any CPU.Build.0 = Release|Any CPU
		{4AD49578-16A2-4FFF-A6A1-04F76968A101}.Debug|Any CPU.ActiveCfg = Debug|Any CPU
		{4AD49578-16A2-4FFF-A6A1-04F76968A101}.Debug|Any CPU.Build.0 = Debug|Any CPU
		{4AD49578-16A2-4FFF-A6A1-04F76968A101}.Release|Any CPU.ActiveCfg = Release|Any CPU
		{4AD49578-16A2-4FFF-A6A1-04F76968A101}.Release|Any CPU.Build.0 = Release|Any CPU
	EndGlobalSection
	GlobalSection(SolutionProperties) = preSolution
		HideSolutionNode = FALSE
	EndGlobalSection
EndGlobal
